# THIS IS AN AUTOGENERATED FILE. DO NOT EDIT THIS FILE DIRECTLY.
# yarn lockfile v1


jwt@^0.2.0:
  version "0.2.0"
  resolved "https://registry.yarnpkg.com/jwt/-/jwt-0.2.0.tgz#4c9ad46bc84bfeaf91556ecce7c57aa578cbc8b8"
  integrity sha1-TJrUa8hL/q+RVW7M58V6pXjLyLg=
  dependencies:
    node-base64 "0.0.1"

node-base64@0.0.1:
  version "0.0.1"
  resolved "https://registry.yarnpkg.com/node-base64/-/node-base64-0.0.1.tgz#ee3e095f97e9f4d72fb3dea98bcb2d25c8716b03"
  integrity sha1-7j4JX5fp9Ncvs96pi8stJchxawM=
